
Microsoft Visual Studio Solution File, Format Version 12.00
# Visual Studio Version 16
VisualStudioVersion = 16.0.28606.126
MinimumVisualStudioVersion = 10.0.40219.1
Project("{FAE04EC0-301F-11D3-BF4B-00C04F79EFBC}") = "WebAPI", "WebAPI\WebAPI.csproj", "{E4AAB21C-D475-41A6-B715-AFEC00CA3302}"
EndProject
Global
	GlobalSection(SolutionConfigurationPlatforms) = preSolution
		Debug|Any CPU = Debug|Any CPU
		Release|Any CPU = Release|Any CPU
	EndGlobalSection
	GlobalSection(ProjectConfigurationPlatforms) = postSolution
		{E4AAB21C-D475-41A6-B715-AFEC00CA3302}.Debug|Any CPU.ActiveCfg = Debug|Any CPU
		{E4AAB21C-D475-41A6-B715-AFEC00CA3302}.Debug|Any CPU.Build.0 = Debug|Any CPU
		{E4AAB21C-D475-41A6-B715-AFEC00CA3302}.Release|Any CPU.ActiveCfg = Release|Any CPU
		{E4AAB21C-D475-41A6-B715-AFEC00CA3302}.Release|Any CPU.Build.0 = Release|Any CPU
	EndGlobalSection
	GlobalSection(SolutionProperties) = preSolution
		HideSolutionNode = FALSE
	EndGlobalSection
	GlobalSection(ExtensibilityGlobals) = postSolution
		SolutionGuid = {5747AD82-957B-4C96-83C3-12023D988FDB}
	EndGlobalSection
EndGlobal
